
Microsoft Visual Studio Solution File, Format Version 12.00
# Visual Studio Version 17
VisualStudioVersion = 17.13.35931.197 d17.13
MinimumVisualStudioVersion = 10.0.40219.1
Project("{FAE04EC0-301F-11D3-BF4B-00C04F79EFBC}") = "TravelAgencyApp", "TravelAgencyApp\TravelAgencyApp.csproj", "{5944DF8A-51C4-412E-8255-D44DFA05BE24}"
EndProject
Global
	GlobalSection(SolutionConfigurationPlatforms) = preSolution
		Debug|Any CPU = Debug|Any CPU
		Release|Any CPU = Release|Any CPU
	EndGlobalSection
	GlobalSection(ProjectConfigurationPlatforms) = postSolution
		{5944DF8A-51C4-412E-8255-D44DFA05BE24}.Debug|Any CPU.ActiveCfg = Debug|Any CPU
		{5944DF8A-51C4-412E-8255-D44DFA05BE24}.Debug|Any CPU.Build.0 = Debug|Any CPU
		{5944DF8A-51C4-412E-8255-D44DFA05BE24}.Release|Any CPU.ActiveCfg = Release|Any CPU
		{5944DF8A-51C4-412E-8255-D44DFA05BE24}.Release|Any CPU.Build.0 = Release|Any CPU
	EndGlobalSection
	GlobalSection(SolutionProperties) = preSolution
		HideSolutionNode = FALSE
	EndGlobalSection
	GlobalSection(ExtensibilityGlobals) = postSolution
		SolutionGuid = {3A82370B-6D37-4D2E-B791-B0D1F8E0DB0C}
	EndGlobalSection
EndGlobal
